
Microsoft Visual Studio Solution File, Format Version 12.00
# Visual Studio 15
VisualStudioVersion = 15.0.28010.2036
MinimumVisualStudioVersion = 10.0.40219.1
Project("{FAE04EC0-301F-11D3-BF4B-00C04F79EFBC}") = "Test100900", "src\Test100900.csproj", "{AC2E253B-F8DB-4D62-9C39-8AB1AA8C8726}"
EndProject
Global
	GlobalSection(SolutionConfigurationPlatforms) = preSolution
		Debug|Any CPU = Debug|Any CPU
		Release|Any CPU = Release|Any CPU
	EndGlobalSection
	GlobalSection(ProjectConfigurationPlatforms) = postSolution
		{AC2E253B-F8DB-4D62-9C39-8AB1AA8C8726}.Debug|Any CPU.ActiveCfg = Debug|Any CPU
		{AC2E253B-F8DB-4D62-9C39-8AB1AA8C8726}.Debug|Any CPU.Build.0 = Debug|Any CPU
		{AC2E253B-F8DB-4D62-9C39-8AB1AA8C8726}.Release|Any CPU.ActiveCfg = Release|Any CPU
		{AC2E253B-F8DB-4D62-9C39-8AB1AA8C8726}.Release|Any CPU.Build.0 = Release|Any CPU
	EndGlobalSection
	GlobalSection(SolutionProperties) = preSolution
		HideSolutionNode = FALSE
	EndGlobalSection
	GlobalSection(ExtensibilityGlobals) = postSolution
		SolutionGuid = {B835D08A-5564-407C-BD56-A2B3AA5788E7}
	EndGlobalSection
EndGlobal
